{
  "name": "codekit-project",
  "version": "1.0.0",
  "lockfileVersion": 1,
  "requires": true,
  "dependencies": {
    "gsap": {
      "version": "file:gsap-bonus.tgz",
      "integrity": "sha512-h4T2l63ppKGVEiYZB17jMHH5BRMVzC5CRzKHqk5ti4+Lby8lmMafzm1qa1IeUOETkzVmPU7Kz7Ls28A1ZPC9CQ=="
    },
    "jquery": {
      "version": "3.5.1",
      "resolved": "https://registry.npmjs.org/jquery/-/jquery-3.5.1.tgz",
      "integrity": "sha512-XwIBPqcMn57FxfT+Go5pzySnm4KWkT1Tv7gjrpT1srtf8Weynl6R273VJ5GjkRb51IzMp5nbaPjJXMWeju2MKg=="
    }
  }
}
